
Microsoft Visual Studio Solution File, Format Version 12.00
# Visual Studio 14
VisualStudioVersion = 14.0.21901.1
MinimumVisualStudioVersion = 10.0.40219.1
Project("{FAE04EC0-301F-11D3-BF4B-00C04F79EFBC}") = "CompilingCsharp", "CompilingCsharp\CompilingCsharp.csproj", "{2C54A444-9EE0-4ABC-A58E-13E48E359D76}"
EndProject
Project("{2150E333-8FDC-42A3-9474-1A3956D46DE8}") = ".nuget", ".nuget", "{BBCB8C32-D7D3-4D45-9B7E-FB1F1080A2D7}"
	ProjectSection(SolutionItems) = preProject
		.nuget\NuGet.Config = .nuget\NuGet.Config
		.nuget\NuGet.exe = .nuget\NuGet.exe
		.nuget\NuGet.targets = .nuget\NuGet.targets
	EndProjectSection
EndProject
Project("{2150E333-8FDC-42A3-9474-1A3956D46DE8}") = "02", "02", "{9EF7FC33-B23B-4A61-979F-7301BD677511}"
EndProject
Project("{2150E333-8FDC-42A3-9474-1A3956D46DE8}") = "01", "01", "{74C0FB95-88D5-4FF4-B728-DE4BE1C9F755}"
EndProject
Project("{FAE04EC0-301F-11D3-BF4B-00C04F79EFBC}") = "PrintingSyntaxTree", "PrintingSyntaxTree\PrintingSyntaxTree.csproj", "{3B2AEA26-9880-4981-8ED9-D569B371FA3F}"
EndProject
Project("{2150E333-8FDC-42A3-9474-1A3956D46DE8}") = "More", "More", "{BEDEFBF4-AD2A-467B-9453-24A6A842E0B2}"
EndProject
Project("{2150E333-8FDC-42A3-9474-1A3956D46DE8}") = "03", "03", "{BDF46317-61EB-4F9A-BB85-0939112BE80D}"
EndProject
Project("{FAE04EC0-301F-11D3-BF4B-00C04F79EFBC}") = "FindingBadTryCatch", "FindingBadTryCatch\FindingBadTryCatch.csproj", "{3D0FB27A-65FB-49BC-B42F-E668E2269096}"
EndProject
Project("{2150E333-8FDC-42A3-9474-1A3956D46DE8}") = "04", "04", "{DF8B5E01-3126-407E-B0AA-97310A4DA9BD}"
EndProject
Project("{FAE04EC0-301F-11D3-BF4B-00C04F79EFBC}") = "FixingBadTryCatch", "FixingBadTryCatch\FixingBadTryCatch.csproj", "{BA7541EF-3CB4-4B1A-BDAC-0480F08650AC}"
EndProject
Project("{2150E333-8FDC-42A3-9474-1A3956D46DE8}") = "05", "05", "{6F62E743-077E-41AE-8142-E887EC3B413B}"
EndProject
Project("{FAE04EC0-301F-11D3-BF4B-00C04F79EFBC}") = "CreatingNewKeywords", "CreatingNewKeywords\CreatingNewKeywords.csproj", "{88AE2ECF-8361-4F39-9490-7624FD369929}"
EndProject
Project("{2150E333-8FDC-42A3-9474-1A3956D46DE8}") = "06", "06", "{2A04B930-F2AC-4BC9-97CF-E4217A7643E4}"
EndProject
Project("{FAE04EC0-301F-11D3-BF4B-00C04F79EFBC}") = "CalculatingLinesOfCode", "CalculatingLinesOfCode\CalculatingLinesOfCode.csproj", "{8DA23869-4549-4290-A95A-DA778F757C9A}"
EndProject
Project("{2150E333-8FDC-42A3-9474-1A3956D46DE8}") = "07", "07", "{BFEADA32-C834-414A-B9B3-F476209B22E6}"
EndProject
Project("{FAE04EC0-301F-11D3-BF4B-00C04F79EFBC}") = "AccessingSolutions", "AccessingSolutions\AccessingSolutions.csproj", "{E34E087F-B916-488B-8334-D6934BF60313}"
EndProject
Project("{FAE04EC0-301F-11D3-BF4B-00C04F79EFBC}") = "CatchClause", "CatchClause\CatchClause.csproj", "{DE9D901F-43D6-4559-A068-B6E28E04F12E}"
EndProject
Project("{FAE04EC0-301F-11D3-BF4B-00C04F79EFBC}") = "ExtractIf", "ConvertToAutoProperty\ExtractIf.csproj", "{AF90D220-D21A-4A85-8CB7-E33057AC5AE3}"
EndProject
Project("{FAE04EC0-301F-11D3-BF4B-00C04F79EFBC}") = "SemanticAnalysis", "SemanticAnalysis\SemanticAnalysis.csproj", "{D8A16813-1C09-45B8-9C79-C81947C48E28}"
EndProject
Global
	GlobalSection(SolutionConfigurationPlatforms) = preSolution
		Debug|Any CPU = Debug|Any CPU
		Release|Any CPU = Release|Any CPU
	EndGlobalSection
	GlobalSection(ProjectConfigurationPlatforms) = postSolution
		{2C54A444-9EE0-4ABC-A58E-13E48E359D76}.Debug|Any CPU.ActiveCfg = Debug|Any CPU
		{2C54A444-9EE0-4ABC-A58E-13E48E359D76}.Debug|Any CPU.Build.0 = Debug|Any CPU
		{2C54A444-9EE0-4ABC-A58E-13E48E359D76}.Release|Any CPU.ActiveCfg = Release|Any CPU
		{2C54A444-9EE0-4ABC-A58E-13E48E359D76}.Release|Any CPU.Build.0 = Release|Any CPU
		{3B2AEA26-9880-4981-8ED9-D569B371FA3F}.Debug|Any CPU.ActiveCfg = Debug|Any CPU
		{3B2AEA26-9880-4981-8ED9-D569B371FA3F}.Debug|Any CPU.Build.0 = Debug|Any CPU
		{3B2AEA26-9880-4981-8ED9-D569B371FA3F}.Release|Any CPU.ActiveCfg = Release|Any CPU
		{3B2AEA26-9880-4981-8ED9-D569B371FA3F}.Release|Any CPU.Build.0 = Release|Any CPU
		{3D0FB27A-65FB-49BC-B42F-E668E2269096}.Debug|Any CPU.ActiveCfg = Debug|Any CPU
		{3D0FB27A-65FB-49BC-B42F-E668E2269096}.Debug|Any CPU.Build.0 = Debug|Any CPU
		{3D0FB27A-65FB-49BC-B42F-E668E2269096}.Release|Any CPU.ActiveCfg = Release|Any CPU
		{3D0FB27A-65FB-49BC-B42F-E668E2269096}.Release|Any CPU.Build.0 = Release|Any CPU
		{BA7541EF-3CB4-4B1A-BDAC-0480F08650AC}.Debug|Any CPU.ActiveCfg = Debug|Any CPU
		{BA7541EF-3CB4-4B1A-BDAC-0480F08650AC}.Debug|Any CPU.Build.0 = Debug|Any CPU
		{BA7541EF-3CB4-4B1A-BDAC-0480F08650AC}.Release|Any CPU.ActiveCfg = Release|Any CPU
		{BA7541EF-3CB4-4B1A-BDAC-0480F08650AC}.Release|Any CPU.Build.0 = Release|Any CPU
		{88AE2ECF-8361-4F39-9490-7624FD369929}.Debug|Any CPU.ActiveCfg = Debug|Any CPU
		{88AE2ECF-8361-4F39-9490-7624FD369929}.Debug|Any CPU.Build.0 = Debug|Any CPU
		{88AE2ECF-8361-4F39-9490-7624FD369929}.Release|Any CPU.ActiveCfg = Release|Any CPU
		{88AE2ECF-8361-4F39-9490-7624FD369929}.Release|Any CPU.Build.0 = Release|Any CPU
		{8DA23869-4549-4290-A95A-DA778F757C9A}.Debug|Any CPU.ActiveCfg = Debug|Any CPU
		{8DA23869-4549-4290-A95A-DA778F757C9A}.Debug|Any CPU.Build.0 = Debug|Any CPU
		{8DA23869-4549-4290-A95A-DA778F757C9A}.Release|Any CPU.ActiveCfg = Release|Any CPU
		{8DA23869-4549-4290-A95A-DA778F757C9A}.Release|Any CPU.Build.0 = Release|Any CPU
		{E34E087F-B916-488B-8334-D6934BF60313}.Debug|Any CPU.ActiveCfg = Debug|Any CPU
		{E34E087F-B916-488B-8334-D6934BF60313}.Debug|Any CPU.Build.0 = Debug|Any CPU
		{E34E087F-B916-488B-8334-D6934BF60313}.Release|Any CPU.ActiveCfg = Release|Any CPU
		{E34E087F-B916-488B-8334-D6934BF60313}.Release|Any CPU.Build.0 = Release|Any CPU
		{DE9D901F-43D6-4559-A068-B6E28E04F12E}.Debug|Any CPU.ActiveCfg = Debug|Any CPU
		{DE9D901F-43D6-4559-A068-B6E28E04F12E}.Debug|Any CPU.Build.0 = Debug|Any CPU
		{DE9D901F-43D6-4559-A068-B6E28E04F12E}.Release|Any CPU.ActiveCfg = Release|Any CPU
		{DE9D901F-43D6-4559-A068-B6E28E04F12E}.Release|Any CPU.Build.0 = Release|Any CPU
		{AF90D220-D21A-4A85-8CB7-E33057AC5AE3}.Debug|Any CPU.ActiveCfg = Debug|Any CPU
		{AF90D220-D21A-4A85-8CB7-E33057AC5AE3}.Debug|Any CPU.Build.0 = Debug|Any CPU
		{AF90D220-D21A-4A85-8CB7-E33057AC5AE3}.Release|Any CPU.ActiveCfg = Release|Any CPU
		{AF90D220-D21A-4A85-8CB7-E33057AC5AE3}.Release|Any CPU.Build.0 = Release|Any CPU
		{D8A16813-1C09-45B8-9C79-C81947C48E28}.Debug|Any CPU.ActiveCfg = Debug|Any CPU
		{D8A16813-1C09-45B8-9C79-C81947C48E28}.Debug|Any CPU.Build.0 = Debug|Any CPU
		{D8A16813-1C09-45B8-9C79-C81947C48E28}.Release|Any CPU.ActiveCfg = Release|Any CPU
		{D8A16813-1C09-45B8-9C79-C81947C48E28}.Release|Any CPU.Build.0 = Release|Any CPU
	EndGlobalSection
	GlobalSection(SolutionProperties) = preSolution
		HideSolutionNode = FALSE
	EndGlobalSection
	GlobalSection(NestedProjects) = preSolution
		{2C54A444-9EE0-4ABC-A58E-13E48E359D76} = {BDF46317-61EB-4F9A-BB85-0939112BE80D}
		{3B2AEA26-9880-4981-8ED9-D569B371FA3F} = {74C0FB95-88D5-4FF4-B728-DE4BE1C9F755}
		{3D0FB27A-65FB-49BC-B42F-E668E2269096} = {6F62E743-077E-41AE-8142-E887EC3B413B}
		{BA7541EF-3CB4-4B1A-BDAC-0480F08650AC} = {2A04B930-F2AC-4BC9-97CF-E4217A7643E4}
		{88AE2ECF-8361-4F39-9490-7624FD369929} = {DF8B5E01-3126-407E-B0AA-97310A4DA9BD}
		{8DA23869-4549-4290-A95A-DA778F757C9A} = {BEDEFBF4-AD2A-467B-9453-24A6A842E0B2}
		{E34E087F-B916-488B-8334-D6934BF60313} = {BEDEFBF4-AD2A-467B-9453-24A6A842E0B2}
		{DE9D901F-43D6-4559-A068-B6E28E04F12E} = {BFEADA32-C834-414A-B9B3-F476209B22E6}
		{AF90D220-D21A-4A85-8CB7-E33057AC5AE3} = {BEDEFBF4-AD2A-467B-9453-24A6A842E0B2}
		{D8A16813-1C09-45B8-9C79-C81947C48E28} = {9EF7FC33-B23B-4A61-979F-7301BD677511}
	EndGlobalSection
EndGlobal
